
Microsoft Visual Studio Solution File, Format Version 12.00
Project("{FAE04EC0-301F-11D3-BF4B-00C04F79EFBC}") = "Server", "Server\Server.csproj", "{47D3FC55-B949-46F3-8011-5998291BBFF7}"
EndProject
Project("{FAE04EC0-301F-11D3-BF4B-00C04F79EFBC}") = "Client", "Client\Client.csproj", "{A4BF4F15-7219-4681-8CAD-803B53F6341C}"
EndProject
Project("{FAE04EC0-301F-11D3-BF4B-00C04F79EFBC}") = "Common", "Common\Common.csproj", "{F14DD72E-5863-4F11-8D8E-A2165BE1E547}"
EndProject
Global
	GlobalSection(SolutionConfigurationPlatforms) = preSolution
		Debug|Any CPU = Debug|Any CPU
		Release|Any CPU = Release|Any CPU
	EndGlobalSection
	GlobalSection(ProjectConfigurationPlatforms) = postSolution
		{47D3FC55-B949-46F3-8011-5998291BBFF7}.Debug|Any CPU.ActiveCfg = Debug|Any CPU
		{47D3FC55-B949-46F3-8011-5998291BBFF7}.Debug|Any CPU.Build.0 = Debug|Any CPU
		{47D3FC55-B949-46F3-8011-5998291BBFF7}.Release|Any CPU.ActiveCfg = Release|Any CPU
		{47D3FC55-B949-46F3-8011-5998291BBFF7}.Release|Any CPU.Build.0 = Release|Any CPU
		{A4BF4F15-7219-4681-8CAD-803B53F6341C}.Debug|Any CPU.ActiveCfg = Debug|Any CPU
		{A4BF4F15-7219-4681-8CAD-803B53F6341C}.Debug|Any CPU.Build.0 = Debug|Any CPU
		{A4BF4F15-7219-4681-8CAD-803B53F6341C}.Release|Any CPU.ActiveCfg = Release|Any CPU
		{A4BF4F15-7219-4681-8CAD-803B53F6341C}.Release|Any CPU.Build.0 = Release|Any CPU
		{F14DD72E-5863-4F11-8D8E-A2165BE1E547}.Debug|Any CPU.ActiveCfg = Debug|Any CPU
		{F14DD72E-5863-4F11-8D8E-A2165BE1E547}.Debug|Any CPU.Build.0 = Debug|Any CPU
		{F14DD72E-5863-4F11-8D8E-A2165BE1E547}.Release|Any CPU.ActiveCfg = Release|Any CPU
		{F14DD72E-5863-4F11-8D8E-A2165BE1E547}.Release|Any CPU.Build.0 = Release|Any CPU
	EndGlobalSection
EndGlobal
